
Microsoft Visual Studio Solution File, Format Version 12.00
# Visual Studio Version 16
VisualStudioVersion = 16.0.32126.315
MinimumVisualStudioVersion = 10.0.40219.1
Project("{FAE04EC0-301F-11D3-BF4B-00C04F79EFBC}") = "GameCore", "GameCore\GameCore.csproj", "{EF08A64D-3148-4C30-948F-78F24B9351BB}"
EndProject
Project("{9A19103F-16F7-4668-BE54-9A1E7A4F7556}") = "GameCore.Specs", "GameCore.Specs\GameCore.Specs.csproj", "{7F86C8EB-F777-43F4-9D4A-ED4A233526A2}"
EndProject
Project("{FAE04EC0-301F-11D3-BF4B-00C04F79EFBC}") = "GameCore.New", "GameCore.New\GameCore.New.csproj", "{F0746D07-AD78-4A46-82FE-D605D011B1DC}"
EndProject
Global
	GlobalSection(SolutionConfigurationPlatforms) = preSolution
		Debug|Any CPU = Debug|Any CPU
		Release|Any CPU = Release|Any CPU
	EndGlobalSection
	GlobalSection(ProjectConfigurationPlatforms) = postSolution
		{EF08A64D-3148-4C30-948F-78F24B9351BB}.Debug|Any CPU.ActiveCfg = Debug|Any CPU
		{EF08A64D-3148-4C30-948F-78F24B9351BB}.Debug|Any CPU.Build.0 = Debug|Any CPU
		{EF08A64D-3148-4C30-948F-78F24B9351BB}.Release|Any CPU.ActiveCfg = Release|Any CPU
		{EF08A64D-3148-4C30-948F-78F24B9351BB}.Release|Any CPU.Build.0 = Release|Any CPU
		{7F86C8EB-F777-43F4-9D4A-ED4A233526A2}.Debug|Any CPU.ActiveCfg = Debug|Any CPU
		{7F86C8EB-F777-43F4-9D4A-ED4A233526A2}.Debug|Any CPU.Build.0 = Debug|Any CPU
		{7F86C8EB-F777-43F4-9D4A-ED4A233526A2}.Release|Any CPU.ActiveCfg = Release|Any CPU
		{7F86C8EB-F777-43F4-9D4A-ED4A233526A2}.Release|Any CPU.Build.0 = Release|Any CPU
		{F0746D07-AD78-4A46-82FE-D605D011B1DC}.Debug|Any CPU.ActiveCfg = Debug|Any CPU
		{F0746D07-AD78-4A46-82FE-D605D011B1DC}.Debug|Any CPU.Build.0 = Debug|Any CPU
		{F0746D07-AD78-4A46-82FE-D605D011B1DC}.Release|Any CPU.ActiveCfg = Release|Any CPU
		{F0746D07-AD78-4A46-82FE-D605D011B1DC}.Release|Any CPU.Build.0 = Release|Any CPU
	EndGlobalSection
	GlobalSection(SolutionProperties) = preSolution
		HideSolutionNode = FALSE
	EndGlobalSection
	GlobalSection(ExtensibilityGlobals) = postSolution
		SolutionGuid = {58D27573-188E-4FC6-8DE4-AAE9E22F31AF}
	EndGlobalSection
EndGlobal
